// !$*UTF8*$!
{
	archiveVersion = 1;
	classes = {
	};
	objectVersion = 56;
	objects = {

/* Begin PBXBuildFile section */
		1063679829897C7600FF8E9B /* AppDelegate.swift in Sources */ = {isa = PBXBuildFile; fileRef = 1063679729897C7600FF8E9B /* AppDelegate.swift */; };
		1063679A29897C7600FF8E9B /* SceneDelegate.swift in Sources */ = {isa = PBXBuildFile; fileRef = 1063679929897C7600FF8E9B /* SceneDelegate.swift */; };
		1063679C29897C7600FF8E9B /* ViewController.swift in Sources */ = {isa = PBXBuildFile; fileRef = 1063679B29897C7600FF8E9B /* ViewController.swift */; };
		1063679F29897C7600FF8E9B /* Main.storyboard in Resources */ = {isa = PBXBuildFile; fileRef = 1063679D29897C7600FF8E9B /* Main.storyboard */; };
		106367A129897C7700FF8E9B /* Assets.xcassets in Resources */ = {isa = PBXBuildFile; fileRef = 106367A029897C7700FF8E9B /* Assets.xcassets */; };
		106367A429897C7700FF8E9B /* LaunchScreen.storyboard in Resources */ = {isa = PBXBuildFile; fileRef = 106367A229897C7700FF8E9B /* LaunchScreen.storyboard */; };
		106367AE29897DF200FF8E9B /* InfiniteImageView.swift in Sources */ = {isa = PBXBuildFile; fileRef = 106367AD29897DF200FF8E9B /* InfiniteImageView.swift */; };
		106367B02989806700FF8E9B /* TileDataProvider.swift in Sources */ = {isa = PBXBuildFile; fileRef = 106367AF2989806700FF8E9B /* TileDataProvider.swift */; };
		106367B32989834F00FF8E9B /* Background.metal in Sources */ = {isa = PBXBuildFile; fileRef = 106367B22989834F00FF8E9B /* Background.metal */; };
		106367BB29898C9B00FF8E9B /* QuartzCore+Extensions.swift in Sources */ = {isa = PBXBuildFile; fileRef = 106367BA29898C9B00FF8E9B /* QuartzCore+Extensions.swift */; };
		106367BE2989931D00FF8E9B /* .gitignore in Resources */ = {isa = PBXBuildFile; fileRef = 106367BD2989931D00FF8E9B /* .gitignore */; };
		106367C1298994B600FF8E9B /* Metal+Extensions.swift in Sources */ = {isa = PBXBuildFile; fileRef = 106367C0298994B600FF8E9B /* Metal+Extensions.swift */; };
/* End PBXBuildFile section */

/* Begin PBXFileReference section */
		1063679429897C7600FF8E9B /* InfiniteImageViewer.app */ = {isa = PBXFileReference; explicitFileType = wrapper.application; includeInIndex = 0; path = InfiniteImageViewer.app; sourceTree = BUILT_PRODUCTS_DIR; };
		1063679729897C7600FF8E9B /* AppDelegate.swift */ = {isa = PBXFileReference; lastKnownFileType = sourcecode.swift; path = AppDelegate.swift; sourceTree = "<group>"; };
		1063679929897C7600FF8E9B /* SceneDelegate.swift */ = {isa = PBXFileReference; lastKnownFileType = sourcecode.swift; path = SceneDelegate.swift; sourceTree = "<group>"; };
		1063679B29897C7600FF8E9B /* ViewController.swift */ = {isa = PBXFileReference; lastKnownFileType = sourcecode.swift; path = ViewController.swift; sourceTree = "<group>"; };
		1063679E29897C7600FF8E9B /* Base */ = {isa = PBXFileReference; lastKnownFileType = file.storyboard; name = Base; path = Base.lproj/Main.storyboard; sourceTree = "<group>"; };
		106367A029897C7700FF8E9B /* Assets.xcassets */ = {isa = PBXFileReference; lastKnownFileType = folder.assetcatalog; path = Assets.xcassets; sourceTree = "<group>"; };
		106367A329897C7700FF8E9B /* Base */ = {isa = PBXFileReference; lastKnownFileType = file.storyboard; name = Base; path = Base.lproj/LaunchScreen.storyboard; sourceTree = "<group>"; };
		106367A529897C7700FF8E9B /* Info.plist */ = {isa = PBXFileReference; lastKnownFileType = text.plist.xml; path = Info.plist; sourceTree = "<group>"; };
		106367AD29897DF200FF8E9B /* InfiniteImageView.swift */ = {isa = PBXFileReference; lastKnownFileType = sourcecode.swift; path = InfiniteImageView.swift; sourceTree = "<group>"; };
		106367AF2989806700FF8E9B /* TileDataProvider.swift */ = {isa = PBXFileReference; lastKnownFileType = sourcecode.swift; path = TileDataProvider.swift; sourceTree = "<group>"; };
		106367B22989834F00FF8E9B /* Background.metal */ = {isa = PBXFileReference; lastKnownFileType = sourcecode.metal; path = Background.metal; sourceTree = "<group>"; };
		106367B42989836E00FF8E9B /* ShadersShared.h */ = {isa = PBXFileReference; lastKnownFileType = sourcecode.c.h; path = ShadersShared.h; sourceTree = "<group>"; };
		106367B5298983D500FF8E9B /* InfiniteImageViewer-Bridging-Header.h */ = {isa = PBXFileReference; lastKnownFileType = sourcecode.c.h; path = "InfiniteImageViewer-Bridging-Header.h"; sourceTree = "<group>"; };
		106367BA29898C9B00FF8E9B /* QuartzCore+Extensions.swift */ = {isa = PBXFileReference; lastKnownFileType = sourcecode.swift; path = "QuartzCore+Extensions.swift"; sourceTree = "<group>"; };
		106367BD2989931D00FF8E9B /* .gitignore */ = {isa = PBXFileReference; lastKnownFileType = text; path = .gitignore; sourceTree = "<group>"; };
		106367C0298994B600FF8E9B /* Metal+Extensions.swift */ = {isa = PBXFileReference; lastKnownFileType = sourcecode.swift; path = "Metal+Extensions.swift"; sourceTree = "<group>"; };
/* End PBXFileReference section */

/* Begin PBXFrameworksBuildPhase section */
		1063679129897C7600FF8E9B /* Frameworks */ = {
			isa = PBXFrameworksBuildPhase;
			buildActionMask = 2147483647;
			files = (
			);
			runOnlyForDeploymentPostprocessing = 0;
		};
/* End PBXFrameworksBuildPhase section */

/* Begin PBXGroup section */
		1063678B29897C7600FF8E9B = {
			isa = PBXGroup;
			children = (
				106367BD2989931D00FF8E9B /* .gitignore */,
				1063679629897C7600FF8E9B /* InfiniteImageViewer */,
				1063679529897C7600FF8E9B /* Products */,
			);
			sourceTree = "<group>";
		};
		1063679529897C7600FF8E9B /* Products */ = {
			isa = PBXGroup;
			children = (
				1063679429897C7600FF8E9B /* InfiniteImageViewer.app */,
			);
			name = Products;
			sourceTree = "<group>";
		};
		1063679629897C7600FF8E9B /* InfiniteImageViewer */ = {
			isa = PBXGroup;
			children = (
				106367B929898C1D00FF8E9B /* Extensions */,
				106367B12989831000FF8E9B /* Shaders */,
				1063679729897C7600FF8E9B /* AppDelegate.swift */,
				1063679929897C7600FF8E9B /* SceneDelegate.swift */,
				1063679B29897C7600FF8E9B /* ViewController.swift */,
				1063679D29897C7600FF8E9B /* Main.storyboard */,
				106367A029897C7700FF8E9B /* Assets.xcassets */,
				106367A229897C7700FF8E9B /* LaunchScreen.storyboard */,
				106367A529897C7700FF8E9B /* Info.plist */,
				106367AD29897DF200FF8E9B /* InfiniteImageView.swift */,
				106367AF2989806700FF8E9B /* TileDataProvider.swift */,
				106367B5298983D500FF8E9B /* InfiniteImageViewer-Bridging-Header.h */,
			);
			path = InfiniteImageViewer;
			sourceTree = "<group>";
		};
		106367B12989831000FF8E9B /* Shaders */ = {
			isa = PBXGroup;
			children = (
				106367B22989834F00FF8E9B /* Background.metal */,
				106367B42989836E00FF8E9B /* ShadersShared.h */,
			);
			path = Shaders;
			sourceTree = "<group>";
		};
		106367B929898C1D00FF8E9B /* Extensions */ = {
			isa = PBXGroup;
			children = (
				106367BA29898C9B00FF8E9B /* QuartzCore+Extensions.swift */,
				106367C0298994B600FF8E9B /* Metal+Extensions.swift */,
			);
			path = Extensions;
			sourceTree = "<group>";
		};
/* End PBXGroup section */

/* Begin PBXNativeTarget section */
		1063679329897C7600FF8E9B /* InfiniteImageViewer */ = {
			isa = PBXNativeTarget;
			buildConfigurationList = 106367A829897C7700FF8E9B /* Build configuration list for PBXNativeTarget "InfiniteImageViewer" */;
			buildPhases = (
				1063679029897C7600FF8E9B /* Sources */,
				1063679129897C7600FF8E9B /* Frameworks */,
				1063679229897C7600FF8E9B /* Resources */,
			);
			buildRules = (
			);
			dependencies = (
			);
			name = InfiniteImageViewer;
			productName = InfiniteImageViewer;
			productReference = 1063679429897C7600FF8E9B /* InfiniteImageViewer.app */;
			productType = "com.apple.product-type.application";
		};
/* End PBXNativeTarget section */

/* Begin PBXProject section */
		1063678C29897C7600FF8E9B /* Project object */ = {
			isa = PBXProject;
			attributes = {
				BuildIndependentTargetsInParallel = 1;
				LastSwiftUpdateCheck = 1420;
				LastUpgradeCheck = 1420;
				TargetAttributes = {
					1063679329897C7600FF8E9B = {
						CreatedOnToolsVersion = 14.2;
						LastSwiftMigration = 1420;
					};
				};
			};
			buildConfigurationList = 1063678F29897C7600FF8E9B /* Build configuration list for PBXProject "InfiniteImageViewer" */;
			compatibilityVersion = "Xcode 14.0";
			developmentRegion = en;
			hasScannedForEncodings = 0;
			knownRegions = (
				en,
				Base,
			);
			mainGroup = 1063678B29897C7600FF8E9B;
			productRefGroup = 1063679529897C7600FF8E9B /* Products */;
			projectDirPath = "";
			projectRoot = "";
			targets = (
				1063679329897C7600FF8E9B /* InfiniteImageViewer */,
			);
		};
/* End PBXProject section */

/* Begin PBXResourcesBuildPhase section */
		1063679229897C7600FF8E9B /* Resources */ = {
			isa = PBXResourcesBuildPhase;
			buildActionMask = 2147483647;
			files = (
				106367BE2989931D00FF8E9B /* .gitignore in Resources */,
				106367A429897C7700FF8E9B /* LaunchScreen.storyboard in Resources */,
				106367A129897C7700FF8E9B /* Assets.xcassets in Resources */,
				1063679F29897C7600FF8E9B /* Main.storyboard in Resources */,
			);
			runOnlyForDeploymentPostprocessing = 0;
		};
/* End PBXResourcesBuildPhase section */

/* Begin PBXSourcesBuildPhase section */
		1063679029897C7600FF8E9B /* Sources */ = {
			isa = PBXSourcesBuildPhase;
			buildActionMask = 2147483647;
			files = (
				1063679C29897C7600FF8E9B /* ViewController.swift in Sources */,
				1063679829897C7600FF8E9B /* AppDelegate.swift in Sources */,
				106367BB29898C9B00FF8E9B /* QuartzCore+Extensions.swift in Sources */,
				106367B02989806700FF8E9B /* TileDataProvider.swift in Sources */,
				106367B32989834F00FF8E9B /* Background.metal in Sources */,
				106367AE29897DF200FF8E9B /* InfiniteImageView.swift in Sources */,
				1063679A29897C7600FF8E9B /* SceneDelegate.swift in Sources */,
				106367C1298994B600FF8E9B /* Metal+Extensions.swift in Sources */,
			);
			runOnlyForDeploymentPostprocessing = 0;
		};
/* End PBXSourcesBuildPhase section */

/* Begin PBXVariantGroup section */
		1063679D29897C7600FF8E9B /* Main.storyboard */ = {
			isa = PBXVariantGroup;
			children = (
				1063679E29897C7600FF8E9B /* Base */,
			);
			name = Main.storyboard;
			sourceTree = "<group>";
		};
		106367A229897C7700FF8E9B /* LaunchScreen.storyboard */ = {
			isa = PBXVariantGroup;
			children = (
				106367A329897C7700FF8E9B /* Base */,
			);
			name = LaunchScreen.storyboard;
			sourceTree = "<group>";
		};
/* End PBXVariantGroup section */

/* Begin XCBuildConfiguration section */
		106367A629897C7700FF8E9B /* Debug */ = {
			isa = XCBuildConfiguration;
			buildSettings = {
				ALWAYS_SEARCH_USER_PATHS = NO;
				CLANG_ANALYZER_NONNULL = YES;
				CLANG_ANALYZER_NUMBER_OBJECT_CONVERSION = YES_AGGRESSIVE;
				CLANG_CXX_LANGUAGE_STANDARD = "gnu++20";
				CLANG_ENABLE_MODULES = YES;
				CLANG_ENABLE_OBJC_ARC = YES;
				CLANG_ENABLE_OBJC_WEAK = YES;
				CLANG_WARN_BLOCK_CAPTURE_AUTORELEASING = YES;
				CLANG_WARN_BOOL_CONVERSION = YES;
				CLANG_WARN_COMMA = YES;
				CLANG_WARN_CONSTANT_CONVERSION = YES;
				CLANG_WARN_DEPRECATED_OBJC_IMPLEMENTATIONS = YES;
				CLANG_WARN_DIRECT_OBJC_ISA_USAGE = YES_ERROR;
				CLANG_WARN_DOCUMENTATION_COMMENTS = YES;
				CLANG_WARN_EMPTY_BODY = YES;
				CLANG_WARN_ENUM_CONVERSION = YES;
				CLANG_WARN_INFINITE_RECURSION = YES;
				CLANG_WARN_INT_CONVERSION = YES;
				CLANG_WARN_NON_LITERAL_NULL_CONVERSION = YES;
				CLANG_WARN_OBJC_IMPLICIT_RETAIN_SELF = YES;
				CLANG_WARN_OBJC_LITERAL_CONVERSION = YES;
				CLANG_WARN_OBJC_ROOT_CLASS = YES_ERROR;
				CLANG_WARN_QUOTED_INCLUDE_IN_FRAMEWORK_HEADER = YES;
				CLANG_WARN_RANGE_LOOP_ANALYSIS = YES;
				CLANG_WARN_STRICT_PROTOTYPES = YES;
				CLANG_WARN_SUSPICIOUS_MOVE = YES;
				CLANG_WARN_UNGUARDED_AVAILABILITY = YES_AGGRESSIVE;
				CLANG_WARN_UNREACHABLE_CODE = YES;
				CLANG_WARN__DUPLICATE_METHOD_MATCH = YES;
				COPY_PHASE_STRIP = NO;
				DEBUG_INFORMATION_FORMAT = dwarf;
				ENABLE_STRICT_OBJC_MSGSEND = YES;
				ENABLE_TESTABILITY = YES;
				GCC_C_LANGUAGE_STANDARD = gnu11;
				GCC_DYNAMIC_NO_PIC = NO;
				GCC_NO_COMMON_BLOCKS = YES;
				GCC_OPTIMIZATION_LEVEL = 0;
				GCC_PREPROCESSOR_DEFINITIONS = (
					"DEBUG=1",
					"$(inherited)",
				);
				GCC_WARN_64_TO_32_BIT_CONVERSION = YES;
				GCC_WARN_ABOUT_RETURN_TYPE = YES_ERROR;
				GCC_WARN_UNDECLARED_SELECTOR = YES;
				GCC_WARN_UNINITIALIZED_AUTOS = YES_AGGRESSIVE;
				GCC_WARN_UNUSED_FUNCTION = YES;
				GCC_WARN_UNUSED_VARIABLE = YES;
				IPHONEOS_DEPLOYMENT_TARGET = 16.2;
				MTL_ENABLE_DEBUG_INFO = INCLUDE_SOURCE;
				MTL_FAST_MATH = YES;
				ONLY_ACTIVE_ARCH = YES;
				SDKROOT = iphoneos;
				SWIFT_ACTIVE_COMPILATION_CONDITIONS = DEBUG;
				SWIFT_OPTIMIZATION_LEVEL = "-Onone";
			};
			name = Debug;
		};
		106367A729897C7700FF8E9B /* Release */ = {
			isa = XCBuildConfiguration;
			buildSettings = {
				ALWAYS_SEARCH_USER_PATHS = NO;
				CLANG_ANALYZER_NONNULL = YES;
				CLANG_ANALYZER_NUMBER_OBJECT_CONVERSION = YES_AGGRESSIVE;
				CLANG_CXX_LANGUAGE_STANDARD = "gnu++20";
				CLANG_ENABLE_MODULES = YES;
				CLANG_ENABLE_OBJC_ARC = YES;
				CLANG_ENABLE_OBJC_WEAK = YES;
				CLANG_WARN_BLOCK_CAPTURE_AUTORELEASING = YES;
				CLANG_WARN_BOOL_CONVERSION = YES;
				CLANG_WARN_COMMA = YES;
				CLANG_WARN_CONSTANT_CONVERSION = YES;
				CLANG_WARN_DEPRECATED_OBJC_IMPLEMENTATIONS = YES;
				CLANG_WARN_DIRECT_OBJC_ISA_USAGE = YES_ERROR;
				CLANG_WARN_DOCUMENTATION_COMMENTS = YES;
				CLANG_WARN_EMPTY_BODY = YES;
				CLANG_WARN_ENUM_CONVERSION = YES;
				CLANG_WARN_INFINITE_RECURSION = YES;
				CLANG_WARN_INT_CONVERSION = YES;
				CLANG_WARN_NON_LITERAL_NULL_CONVERSION = YES;
				CLANG_WARN_OBJC_IMPLICIT_RETAIN_SELF = YES;
				CLANG_WARN_OBJC_LITERAL_CONVERSION = YES;
				CLANG_WARN_OBJC_ROOT_CLASS = YES_ERROR;
				CLANG_WARN_QUOTED_INCLUDE_IN_FRAMEWORK_HEADER = YES;
				CLANG_WARN_RANGE_LOOP_ANALYSIS = YES;
				CLANG_WARN_STRICT_PROTOTYPES = YES;
				CLANG_WARN_SUSPICIOUS_MOVE = YES;
				CLANG_WARN_UNGUARDED_AVAILABILITY = YES_AGGRESSIVE;
				CLANG_WARN_UNREACHABLE_CODE = YES;
				CLANG_WARN__DUPLICATE_METHOD_MATCH = YES;
				COPY_PHASE_STRIP = NO;
				DEBUG_INFORMATION_FORMAT = "dwarf-with-dsym";
				ENABLE_NS_ASSERTIONS = NO;
				ENABLE_STRICT_OBJC_MSGSEND = YES;
				GCC_C_LANGUAGE_STANDARD = gnu11;
				GCC_NO_COMMON_BLOCKS = YES;
				GCC_WARN_64_TO_32_BIT_CONVERSION = YES;
				GCC_WARN_ABOUT_RETURN_TYPE = YES_ERROR;
				GCC_WARN_UNDECLARED_SELECTOR = YES;
				GCC_WARN_UNINITIALIZED_AUTOS = YES_AGGRESSIVE;
				GCC_WARN_UNUSED_FUNCTION = YES;
				GCC_WARN_UNUSED_VARIABLE = YES;
				IPHONEOS_DEPLOYMENT_TARGET = 16.2;
				MTL_ENABLE_DEBUG_INFO = NO;
				MTL_FAST_MATH = YES;
				SDKROOT = iphoneos;
				SWIFT_COMPILATION_MODE = wholemodule;
				SWIFT_OPTIMIZATION_LEVEL = "-O";
				VALIDATE_PRODUCT = YES;
			};
			name = Release;
		};
		106367A929897C7700FF8E9B /* Debug */ = {
			isa = XCBuildConfiguration;
			buildSettings = {
				ASSETCATALOG_COMPILER_APPICON_NAME = AppIcon;
				ASSETCATALOG_COMPILER_GLOBAL_ACCENT_COLOR_NAME = AccentColor;
				CLANG_ENABLE_MODULES = YES;
				CODE_SIGN_STYLE = Automatic;
				CURRENT_PROJECT_VERSION = 1;
				DEVELOPMENT_TEAM = 45226JTYHN;
				GENERATE_INFOPLIST_FILE = YES;
				INFOPLIST_FILE = InfiniteImageViewer/Info.plist;
				INFOPLIST_KEY_UIApplicationSupportsIndirectInputEvents = YES;
				INFOPLIST_KEY_UILaunchStoryboardName = LaunchScreen;
				INFOPLIST_KEY_UIMainStoryboardFile = Main;
				INFOPLIST_KEY_UISupportedInterfaceOrientations_iPad = "UIInterfaceOrientationPortrait UIInterfaceOrientationPortraitUpsideDown UIInterfaceOrientationLandscapeLeft UIInterfaceOrientationLandscapeRight";
				INFOPLIST_KEY_UISupportedInterfaceOrientations_iPhone = "UIInterfaceOrientationPortrait UIInterfaceOrientationLandscapeLeft UIInterfaceOrientationLandscapeRight";
				LD_RUNPATH_SEARCH_PATHS = (
					"$(inherited)",
					"@executable_path/Frameworks",
				);
				MARKETING_VERSION = 1.0;
				PRODUCT_BUNDLE_IDENTIFIER = "io.elijah-semyonov.InfiniteImageViewer";
				PRODUCT_NAME = "$(TARGET_NAME)";
				SWIFT_EMIT_LOC_STRINGS = YES;
				SWIFT_OBJC_BRIDGING_HEADER = "InfiniteImageViewer/InfiniteImageViewer-Bridging-Header.h";
				SWIFT_OPTIMIZATION_LEVEL = "-Onone";
				SWIFT_VERSION = 5.0;
				TARGETED_DEVICE_FAMILY = "1,2";
			};
			name = Debug;
		};
		106367AA29897C7700FF8E9B /* Release */ = {
			isa = XCBuildConfiguration;
			buildSettings = {
				ASSETCATALOG_COMPILER_APPICON_NAME = AppIcon;
				ASSETCATALOG_COMPILER_GLOBAL_ACCENT_COLOR_NAME = AccentColor;
				CLANG_ENABLE_MODULES = YES;
				CODE_SIGN_STYLE = Automatic;
				CURRENT_PROJECT_VERSION = 1;
				DEVELOPMENT_TEAM = 45226JTYHN;
				GENERATE_INFOPLIST_FILE = YES;
				INFOPLIST_FILE = InfiniteImageViewer/Info.plist;
				INFOPLIST_KEY_UIApplicationSupportsIndirectInputEvents = YES;
				INFOPLIST_KEY_UILaunchStoryboardName = LaunchScreen;
				INFOPLIST_KEY_UIMainStoryboardFile = Main;
				INFOPLIST_KEY_UISupportedInterfaceOrientations_iPad = "UIInterfaceOrientationPortrait UIInterfaceOrientationPortraitUpsideDown UIInterfaceOrientationLandscapeLeft UIInterfaceOrientationLandscapeRight";
				INFOPLIST_KEY_UISupportedInterfaceOrientations_iPhone = "UIInterfaceOrientationPortrait UIInterfaceOrientationLandscapeLeft UIInterfaceOrientationLandscapeRight";
				LD_RUNPATH_SEARCH_PATHS = (
					"$(inherited)",
					"@executable_path/Frameworks",
				);
				MARKETING_VERSION = 1.0;
				PRODUCT_BUNDLE_IDENTIFIER = "io.elijah-semyonov.InfiniteImageViewer";
				PRODUCT_NAME = "$(TARGET_NAME)";
				SWIFT_EMIT_LOC_STRINGS = YES;
				SWIFT_OBJC_BRIDGING_HEADER = "InfiniteImageViewer/InfiniteImageViewer-Bridging-Header.h";
				SWIFT_VERSION = 5.0;
				TARGETED_DEVICE_FAMILY = "1,2";
			};
			name = Release;
		};
/* End XCBuildConfiguration section */

/* Begin XCConfigurationList section */
		1063678F29897C7600FF8E9B /* Build configuration list for PBXProject "InfiniteImageViewer" */ = {
			isa = XCConfigurationList;
			buildConfigurations = (
				106367A629897C7700FF8E9B /* Debug */,
				106367A729897C7700FF8E9B /* Release */,
			);
			defaultConfigurationIsVisible = 0;
			defaultConfigurationName = Release;
		};
		106367A829897C7700FF8E9B /* Build configuration list for PBXNativeTarget "InfiniteImageViewer" */ = {
			isa = XCConfigurationList;
			buildConfigurations = (
				106367A929897C7700FF8E9B /* Debug */,
				106367AA29897C7700FF8E9B /* Release */,
			);
			defaultConfigurationIsVisible = 0;
			defaultConfigurationName = Release;
		};
/* End XCConfigurationList section */
	};
	rootObject = 1063678C29897C7600FF8E9B /* Project object */;
}
